
Microsoft Visual Studio Solution File, Format Version 12.00
# Visual Studio 15
VisualStudioVersion = 15.0.28010.2026
MinimumVisualStudioVersion = 10.0.40219.1
Project("{FAE04EC0-301F-11D3-BF4B-00C04F79EFBC}") = "MVC_Intro", "MVC_Intro\MVC_Intro.csproj", "{6484F15B-74C2-43BC-B1BA-37BD7A27DA73}"
EndProject
Global
	GlobalSection(SolutionConfigurationPlatforms) = preSolution
		Debug|Any CPU = Debug|Any CPU
		Release|Any CPU = Release|Any CPU
	EndGlobalSection
	GlobalSection(ProjectConfigurationPlatforms) = postSolution
		{6484F15B-74C2-43BC-B1BA-37BD7A27DA73}.Debug|Any CPU.ActiveCfg = Debug|Any CPU
		{6484F15B-74C2-43BC-B1BA-37BD7A27DA73}.Debug|Any CPU.Build.0 = Debug|Any CPU
		{6484F15B-74C2-43BC-B1BA-37BD7A27DA73}.Release|Any CPU.ActiveCfg = Release|Any CPU
		{6484F15B-74C2-43BC-B1BA-37BD7A27DA73}.Release|Any CPU.Build.0 = Release|Any CPU
	EndGlobalSection
	GlobalSection(SolutionProperties) = preSolution
		HideSolutionNode = FALSE
	EndGlobalSection
	GlobalSection(ExtensibilityGlobals) = postSolution
		SolutionGuid = {AABEF6DA-89AF-4C7A-8881-218AF363F04B}
	EndGlobalSection
EndGlobal
